{
  "projects": [
    {
      "projectId": "9Vr5YWkf3w7jj6SsTcCEta",
      "version": "0.11.0",
      "dependencies": {},
      "lang": "ts",
      "fileLocks": [
        {
          "assetId": "9Vr5YWkf3w7jj6SsTcCEta",
          "type": "projectCss",
          "checksum": "1c02168c6b23256606111fdfdbb63549"
        }
      ],
      "codegenVersion": "0.0.1"
    },
    {
      "projectId": "jkU633o1Cz7HrJdwdxhVHk",
      "version": "16.11.0",
      "dependencies": {},
      "lang": "ts",
      "fileLocks": [
        {
          "assetId": "jkU633o1Cz7HrJdwdxhVHk",
          "type": "projectCss",
          "checksum": "cf57d229ecea50678d9d8d3bc0e3dd9b"
        }
      ],
      "codegenVersion": "0.0.1"
    },
    {
      "projectId": "kS7YGZfVr6mU43XDQjXELc",
      "version": "0.16.0",
      "dependencies": {},
      "lang": "ts",
      "fileLocks": [
        {
          "assetId": "kS7YGZfVr6mU43XDQjXELc",
          "type": "projectCss",
          "checksum": "1c02168c6b23256606111fdfdbb63549"
        }
      ],
      "codegenVersion": "0.0.1"
    },
    {
      "projectId": "ohDidvG9XsCeFumugENU3J",
      "version": "6.26.0",
      "dependencies": {},
      "lang": "ts",
      "fileLocks": [
        {
          "assetId": "ohDidvG9XsCeFumugENU3J",
          "type": "projectCss",
          "checksum": "ba2a60a163fca4f4d510275088a2be53"
        },
        {
          "assetId": "ohDidvG9XsCeFumugENU3J",
          "checksum": "de0a0e65174a6a185a8f822af51c6bdd",
          "type": "globalContexts"
        }
      ],
      "codegenVersion": "0.0.1"
    },
    {
      "projectId": "3Bg87Eh2iPCvjh5qXEeT9H",
      "version": "latest",
      "dependencies": {
        "ohDidvG9XsCeFumugENU3J": "6.26.0",
        "kS7YGZfVr6mU43XDQjXELc": "0.16.0",
        "jkU633o1Cz7HrJdwdxhVHk": "16.11.0",
        "9Vr5YWkf3w7jj6SsTcCEta": "0.11.0"
      },
      "lang": "ts",
      "fileLocks": [
        {
          "type": "globalVariant",
          "assetId": "bNezW3Mmogdx",
          "checksum": "9406fbd26c63735f91a8ddc685482553"
        },
        {
          "assetId": "3Bg87Eh2iPCvjh5qXEeT9H",
          "checksum": "ad6c0c16358ea642d38d486b3bc9c34c",
          "type": "globalContexts"
        },
        {
          "type": "renderModule",
          "assetId": "lUEgBMkF5atU",
          "checksum": "42d348a08178441c31db94c7ddc03ec3"
        },
        {
          "type": "cssRules",
          "assetId": "lUEgBMkF5atU",
          "checksum": "42d348a08178441c31db94c7ddc03ec3"
        },
        {
          "type": "renderModule",
          "assetId": "wGULHxDY8nS5",
          "checksum": "0bb95875caba071ba06cb7080faf820c"
        },
        {
          "type": "cssRules",
          "assetId": "wGULHxDY8nS5",
          "checksum": "0bb95875caba071ba06cb7080faf820c"
        },
        {
          "type": "renderModule",
          "assetId": "CIdzPp3BR3w6",
          "checksum": "47a99ac41eeca382e42f67e582810357"
        },
        {
          "type": "cssRules",
          "assetId": "CIdzPp3BR3w6",
          "checksum": "47a99ac41eeca382e42f67e582810357"
        },
        {
          "type": "renderModule",
          "assetId": "VQ1UxwoAo6-O",
          "checksum": "886658c548718c1c9047c2b1ebed1b55"
        },
        {
          "type": "cssRules",
          "assetId": "VQ1UxwoAo6-O",
          "checksum": "886658c548718c1c9047c2b1ebed1b55"
        },
        {
          "type": "renderModule",
          "assetId": "ARMzEY80RVpy",
          "checksum": "3c4d944de04f8a3de1f00b74b807fd97"
        },
        {
          "type": "cssRules",
          "assetId": "ARMzEY80RVpy",
          "checksum": "3c4d944de04f8a3de1f00b74b807fd97"
        },
        {
          "type": "renderModule",
          "assetId": "rlQ3Dxbm4Yst",
          "checksum": "3dfbfa2170b26dc7570bbcd26f514e0b"
        },
        {
          "type": "cssRules",
          "assetId": "rlQ3Dxbm4Yst",
          "checksum": "3dfbfa2170b26dc7570bbcd26f514e0b"
        },
        {
          "type": "renderModule",
          "assetId": "9RpWrrZWG6xE",
          "checksum": "307106b543b638c37e04460c7ebb3ff7"
        },
        {
          "type": "cssRules",
          "assetId": "9RpWrrZWG6xE",
          "checksum": "307106b543b638c37e04460c7ebb3ff7"
        },
        {
          "type": "renderModule",
          "assetId": "1Og4qComVOfz",
          "checksum": "a82496b8d4ad746f5078dbaa4bc97de2"
        },
        {
          "type": "cssRules",
          "assetId": "1Og4qComVOfz",
          "checksum": "a82496b8d4ad746f5078dbaa4bc97de2"
        },
        {
          "type": "renderModule",
          "assetId": "2xjjPUZVLnuw",
          "checksum": "2852c62be9a9e7a23bc2e193857f0814"
        },
        {
          "type": "cssRules",
          "assetId": "2xjjPUZVLnuw",
          "checksum": "2852c62be9a9e7a23bc2e193857f0814"
        },
        {
          "type": "renderModule",
          "assetId": "-iwG0MZp_ddT",
          "checksum": "ab7a5b81c95c4fd12743ec6b199b4e5e"
        },
        {
          "type": "cssRules",
          "assetId": "-iwG0MZp_ddT",
          "checksum": "ab7a5b81c95c4fd12743ec6b199b4e5e"
        },
        {
          "type": "renderModule",
          "assetId": "FWVhcghoBJs3",
          "checksum": "88f3ef160eaecd25b17cdb94e95ee678"
        },
        {
          "type": "cssRules",
          "assetId": "FWVhcghoBJs3",
          "checksum": "88f3ef160eaecd25b17cdb94e95ee678"
        },
        {
          "type": "renderModule",
          "assetId": "ZqBVqhEWDJgi",
          "checksum": "8cb932ee7befa08e6d587ca3081045ed"
        },
        {
          "type": "cssRules",
          "assetId": "ZqBVqhEWDJgi",
          "checksum": "8cb932ee7befa08e6d587ca3081045ed"
        },
        {
          "type": "icon",
          "assetId": "LIgXa3bt1QK3",
          "checksum": "10a14942b7d62051624de053fdc87efd"
        },
        {
          "type": "icon",
          "assetId": "JySol8x2_4n0",
          "checksum": "e480d5d930c033c0a9650ad1362879be"
        },
        {
          "type": "icon",
          "assetId": "1TMOZTLfrMAA",
          "checksum": "87083a03ed341a73b4be5c89a376f8a6"
        },
        {
          "type": "icon",
          "assetId": "BQVWPvc2S200",
          "checksum": "123286249c2d21f7df1349e3f400f3a3"
        },
        {
          "type": "icon",
          "assetId": "Vfe-xTVi_fqP",
          "checksum": "37ec7e391c3d6833eb10e441aa0b2083"
        },
        {
          "type": "icon",
          "assetId": "Ch7mSMy3f84w",
          "checksum": "cd01b7fe29f6bfb58f44bb67fc8095c4"
        },
        {
          "type": "icon",
          "assetId": "WObvppdSTR8-",
          "checksum": "38ccfe05459d58b4d6e3868813a20466"
        },
        {
          "type": "icon",
          "assetId": "SFCvpCFNfWep",
          "checksum": "f65c0b2da26aae90b38e9a9fe9bb5c9c"
        },
        {
          "type": "icon",
          "assetId": "H7pptlVK6IP5",
          "checksum": "66ece35de581be878b992c4f71b5ca92"
        },
        {
          "type": "image",
          "assetId": "_Aau5GLgc1iD",
          "checksum": "7f6cedc78d703fa14b3136b8223dfd56"
        },
        {
          "assetId": "3Bg87Eh2iPCvjh5qXEeT9H",
          "type": "projectCss",
          "checksum": "8d70d79031b343bd82417757dae6e864"
        }
      ],
      "codegenVersion": "0.0.1"
    },
    {
      "projectId": "bKG9sGEBs8bXWJS7yxQp8o",
      "version": "latest",
      "dependencies": {
        "ohDidvG9XsCeFumugENU3J": "6.26.0",
        "jkU633o1Cz7HrJdwdxhVHk": "16.11.0",
        "9Vr5YWkf3w7jj6SsTcCEta": "0.11.0"
      },
      "lang": "ts",
      "fileLocks": [
        {
          "type": "globalVariant",
          "assetId": "PW6ou8VePvT3",
          "checksum": "391b4e8433da73770b6b33eb360e5a63"
        },
        {
          "assetId": "bKG9sGEBs8bXWJS7yxQp8o",
          "checksum": "29853ddddbd98e5dbbda4bc2c99b5e6f",
          "type": "globalContexts"
        },
        {
          "type": "renderModule",
          "assetId": "eE1XE0LYelHt",
          "checksum": "8b420a0a3a848433cf296d1d3b8cbf24"
        },
        {
          "type": "cssRules",
          "assetId": "eE1XE0LYelHt",
          "checksum": "8b420a0a3a848433cf296d1d3b8cbf24"
        },
        {
          "type": "renderModule",
          "assetId": "AjXB0q2JXW18",
          "checksum": "45394f490b802554c82bec460f68aa8e"
        },
        {
          "type": "cssRules",
          "assetId": "AjXB0q2JXW18",
          "checksum": "45394f490b802554c82bec460f68aa8e"
        },
        {
          "type": "icon",
          "assetId": "MByX4uz38l8t",
          "checksum": "e47bfd907cf4576a59d3f267ddd565b8"
        },
        {
          "type": "icon",
          "assetId": "EidDDW3beI7T",
          "checksum": "7fbd03324eb3e3c9611d93c6cc6e30fe"
        },
        {
          "assetId": "bKG9sGEBs8bXWJS7yxQp8o",
          "type": "projectCss",
          "checksum": "56dd9821487802d164b78bd4b988d37b"
        }
      ],
      "codegenVersion": "0.0.1"
    },
    {
      "projectId": "m28RWVuqnHm6JV8qju1gwB",
      "version": "latest",
      "dependencies": {
        "ohDidvG9XsCeFumugENU3J": "6.26.0",
        "kS7YGZfVr6mU43XDQjXELc": "0.16.0",
        "jkU633o1Cz7HrJdwdxhVHk": "16.11.0",
        "9Vr5YWkf3w7jj6SsTcCEta": "0.11.0"
      },
      "lang": "ts",
      "fileLocks": [
        {
          "type": "globalVariant",
          "assetId": "msj_4S4TFxT5",
          "checksum": "bde2b0d46fb7bf11137d9b61f310da9b"
        },
        {
          "assetId": "m28RWVuqnHm6JV8qju1gwB",
          "checksum": "63e461b596acc9ff2cf2d565d73a3cdf",
          "type": "globalContexts"
        },
        {
          "type": "renderModule",
          "assetId": "9hg-PpYERGbK",
          "checksum": "8d38d8140a6e4e5401f6229e437468b8"
        },
        {
          "type": "cssRules",
          "assetId": "9hg-PpYERGbK",
          "checksum": "8d38d8140a6e4e5401f6229e437468b8"
        },
        {
          "type": "renderModule",
          "assetId": "46VyReaMBtqI",
          "checksum": "41be38aa583b27ec3a01dc97d1d34586"
        },
        {
          "type": "cssRules",
          "assetId": "46VyReaMBtqI",
          "checksum": "41be38aa583b27ec3a01dc97d1d34586"
        },
        {
          "type": "renderModule",
          "assetId": "5vH0-NF8KOYe",
          "checksum": "2daf3e50a225a597904c6219ef7d722b"
        },
        {
          "type": "cssRules",
          "assetId": "5vH0-NF8KOYe",
          "checksum": "2daf3e50a225a597904c6219ef7d722b"
        },
        {
          "type": "renderModule",
          "assetId": "vX36kwKtbJs8",
          "checksum": "7defcd7002520d86e767ba9604d1125a"
        },
        {
          "type": "cssRules",
          "assetId": "vX36kwKtbJs8",
          "checksum": "7defcd7002520d86e767ba9604d1125a"
        },
        {
          "type": "renderModule",
          "assetId": "BFAO2Ta06LZg",
          "checksum": "f5e3776baba304bf6174d8cd1c675a97"
        },
        {
          "type": "cssRules",
          "assetId": "BFAO2Ta06LZg",
          "checksum": "f5e3776baba304bf6174d8cd1c675a97"
        },
        {
          "type": "renderModule",
          "assetId": "_5TLdy7mPPYR",
          "checksum": "3f9e46bb3837c3e8532bc37261895c95"
        },
        {
          "type": "cssRules",
          "assetId": "_5TLdy7mPPYR",
          "checksum": "3f9e46bb3837c3e8532bc37261895c95"
        },
        {
          "type": "renderModule",
          "assetId": "fsuy5hdbjMCZ",
          "checksum": "7482469dc72cac7e965da1d89d394c4a"
        },
        {
          "type": "cssRules",
          "assetId": "fsuy5hdbjMCZ",
          "checksum": "7482469dc72cac7e965da1d89d394c4a"
        },
        {
          "type": "renderModule",
          "assetId": "ce_sanQjXKXV",
          "checksum": "996d59b6ee874fcae2c394c8dcc649a7"
        },
        {
          "type": "cssRules",
          "assetId": "ce_sanQjXKXV",
          "checksum": "996d59b6ee874fcae2c394c8dcc649a7"
        },
        {
          "type": "renderModule",
          "assetId": "FfPDvsamSGNa",
          "checksum": "3d91384b41a3a42cec58fa65dd79cd13"
        },
        {
          "type": "cssRules",
          "assetId": "FfPDvsamSGNa",
          "checksum": "3d91384b41a3a42cec58fa65dd79cd13"
        },
        {
          "type": "renderModule",
          "assetId": "h3U5l4fLUP6P",
          "checksum": "812ddf5d22cd8e8c9b2f053a0b3051e5"
        },
        {
          "type": "cssRules",
          "assetId": "h3U5l4fLUP6P",
          "checksum": "812ddf5d22cd8e8c9b2f053a0b3051e5"
        },
        {
          "type": "renderModule",
          "assetId": "A4Jk9V0FRPI7",
          "checksum": "88ffc4365dca58174380d3d4d880fd1b"
        },
        {
          "type": "cssRules",
          "assetId": "A4Jk9V0FRPI7",
          "checksum": "88ffc4365dca58174380d3d4d880fd1b"
        },
        {
          "type": "renderModule",
          "assetId": "rsEVwFl7B2gt",
          "checksum": "646de88363f77f022e85d2cbeccd91cb"
        },
        {
          "type": "cssRules",
          "assetId": "rsEVwFl7B2gt",
          "checksum": "646de88363f77f022e85d2cbeccd91cb"
        },
        {
          "type": "icon",
          "assetId": "w_25Cc3UB_Ay",
          "checksum": "26425cc41b9db504fd5153fe87c6e8c2"
        },
        {
          "type": "icon",
          "assetId": "ZQ0UacQ0cxIG",
          "checksum": "98ab1ced4e034e89754d9133910fdf2a"
        },
        {
          "type": "icon",
          "assetId": "O10ZwLLlc69J",
          "checksum": "ad03693ea75f43dff189157dad71a7fa"
        },
        {
          "type": "icon",
          "assetId": "benU1EbYzjVA",
          "checksum": "b5c4853aa140951816c17f2a418380a7"
        },
        {
          "type": "icon",
          "assetId": "hz_w-Y8H4Cjo",
          "checksum": "8cedf1e20e4bc4a8f9f0e7fd8b87f29b"
        },
        {
          "type": "icon",
          "assetId": "-xMz1ejutXlM",
          "checksum": "fcc0092c0c6a8cb0314984df738557a9"
        },
        {
          "type": "icon",
          "assetId": "U3S01wtIK44v",
          "checksum": "b6f4190bc49e6247ab898b78737f8b05"
        },
        {
          "type": "icon",
          "assetId": "CWfdBXzuR42i",
          "checksum": "572fb5aeff6309ec1ddd8d43fab721c2"
        },
        {
          "type": "icon",
          "assetId": "GXpG8A6bokbt",
          "checksum": "faad66070a8633756499944bad7420da"
        },
        {
          "type": "image",
          "assetId": "lON6ekgbQKbK",
          "checksum": "49ccc5aad6ce184c7b3c582fbd0ac77f"
        },
        {
          "assetId": "m28RWVuqnHm6JV8qju1gwB",
          "type": "projectCss",
          "checksum": "5466a6c5db8b1ee71e2ddd00d688b39f"
        }
      ],
      "codegenVersion": "0.0.1"
    },
    {
      "projectId": "cXGuvi8jtvYuaePaEHrW2z",
      "version": "latest",
      "dependencies": {
        "ohDidvG9XsCeFumugENU3J": "6.26.0",
        "jkU633o1Cz7HrJdwdxhVHk": "16.11.0",
        "9Vr5YWkf3w7jj6SsTcCEta": "0.11.0"
      },
      "lang": "ts",
      "fileLocks": [
        {
          "type": "globalVariant",
          "assetId": "iVrcSGYDjuEO",
          "checksum": "b684cfda600cbb69cc5d48e97a1442ef"
        },
        {
          "assetId": "cXGuvi8jtvYuaePaEHrW2z",
          "type": "projectCss",
          "checksum": "a99e1f861e5b4c9a1d39b125b510ec35"
        },
        {
          "assetId": "cXGuvi8jtvYuaePaEHrW2z",
          "checksum": "88bfc07268cc4a367037d0d2e6d4568d",
          "type": "globalContexts"
        },
        {
          "type": "renderModule",
          "assetId": "_XrqYJQHxI2R",
          "checksum": "b65c82dbe37c1f2a16b4fa5faf506a1c"
        },
        {
          "type": "cssRules",
          "assetId": "_XrqYJQHxI2R",
          "checksum": "b65c82dbe37c1f2a16b4fa5faf506a1c"
        },
        {
          "type": "renderModule",
          "assetId": "R17R0cexuIfL",
          "checksum": "d33a74f4335698e1198bcba04f43693d"
        },
        {
          "type": "cssRules",
          "assetId": "R17R0cexuIfL",
          "checksum": "d33a74f4335698e1198bcba04f43693d"
        },
        {
          "type": "icon",
          "assetId": "LYo0AToDkn2h",
          "checksum": "ee2f83a1a8b3887b6a5c7053005fc9b5"
        },
        {
          "type": "icon",
          "assetId": "FLcbBsaGjZTX",
          "checksum": "ad169bd0310b84226e4bad28362a9c21"
        }
      ],
      "codegenVersion": "0.0.1"
    },
    {
      "projectId": "eu24FAT4D3bmHZBPj1vYEJ",
      "version": "latest",
      "dependencies": {
        "ohDidvG9XsCeFumugENU3J": "6.26.0",
        "jkU633o1Cz7HrJdwdxhVHk": "16.11.0",
        "9Vr5YWkf3w7jj6SsTcCEta": "0.11.0",
        "kS7YGZfVr6mU43XDQjXELc": "0.16.0"
      },
      "lang": "ts",
      "fileLocks": [
        {
          "type": "globalVariant",
          "assetId": "ZonaJVbTLlFx",
          "checksum": "b7af9975f749c710bb461094f05a85d3"
        },
        {
          "assetId": "eu24FAT4D3bmHZBPj1vYEJ",
          "type": "projectCss",
          "checksum": "053e3dcd45f03975f17e274aaa9cbfc0"
        },
        {
          "assetId": "eu24FAT4D3bmHZBPj1vYEJ",
          "checksum": "0c77c5ee1df4cd9d4b78654a7548893b",
          "type": "globalContexts"
        },
        {
          "type": "renderModule",
          "assetId": "W4mTQvEIpJTV",
          "checksum": "1d82b8843598eb6ba33f39cf3a20a287"
        },
        {
          "type": "cssRules",
          "assetId": "W4mTQvEIpJTV",
          "checksum": "1d82b8843598eb6ba33f39cf3a20a287"
        },
        {
          "type": "renderModule",
          "assetId": "5ighk7jYQzqD",
          "checksum": "75c0fa56f90d3723798dad204580b3a4"
        },
        {
          "type": "cssRules",
          "assetId": "5ighk7jYQzqD",
          "checksum": "75c0fa56f90d3723798dad204580b3a4"
        },
        {
          "type": "renderModule",
          "assetId": "VG3vpETjevRP",
          "checksum": "696d12d05cf5033566e44be7a18421b7"
        },
        {
          "type": "cssRules",
          "assetId": "VG3vpETjevRP",
          "checksum": "696d12d05cf5033566e44be7a18421b7"
        },
        {
          "type": "renderModule",
          "assetId": "o4nuhCDMcbL3",
          "checksum": "d7c410c5797a8acb829d657e9c6dddc6"
        },
        {
          "type": "cssRules",
          "assetId": "o4nuhCDMcbL3",
          "checksum": "d7c410c5797a8acb829d657e9c6dddc6"
        },
        {
          "type": "renderModule",
          "assetId": "Ri5ShoDN8pK-",
          "checksum": "25e583e5d79146daf18fe7b175e9fc89"
        },
        {
          "type": "cssRules",
          "assetId": "Ri5ShoDN8pK-",
          "checksum": "25e583e5d79146daf18fe7b175e9fc89"
        },
        {
          "type": "renderModule",
          "assetId": "heZ0t6tqh6hi",
          "checksum": "8ecfcc1836732e43acb864a8598cb58e"
        },
        {
          "type": "cssRules",
          "assetId": "heZ0t6tqh6hi",
          "checksum": "8ecfcc1836732e43acb864a8598cb58e"
        },
        {
          "type": "renderModule",
          "assetId": "4hRg0n9Hoplj",
          "checksum": "4576961c372a40a2a4d6431465224a96"
        },
        {
          "type": "cssRules",
          "assetId": "4hRg0n9Hoplj",
          "checksum": "4576961c372a40a2a4d6431465224a96"
        },
        {
          "type": "renderModule",
          "assetId": "mYEwzWBGQ0ut",
          "checksum": "84e47390fd290c79be24c4e9a4cc2006"
        },
        {
          "type": "cssRules",
          "assetId": "mYEwzWBGQ0ut",
          "checksum": "84e47390fd290c79be24c4e9a4cc2006"
        },
        {
          "type": "icon",
          "assetId": "hPXfJ0DrpIkA",
          "checksum": "b1f82b6b6879b921eb73818a51b850fc"
        },
        {
          "type": "icon",
          "assetId": "GCnGOK0J4pKY",
          "checksum": "1dd4142b7f63f01a8e2a4e57a18104da"
        },
        {
          "type": "image",
          "assetId": "j4aweK1FnpGW",
          "checksum": "682d6a983c7698f26525ef009ff36c5e"
        },
        {
          "type": "image",
          "assetId": "5T2CDM3mrbX6",
          "checksum": "4c5c28f2875e98e27d5805615a0d8a2f"
        },
        {
          "type": "image",
          "assetId": "xQnHbOpif5nK",
          "checksum": "e29d9d495b69084b8e80772c11283245"
        },
        {
          "type": "image",
          "assetId": "BweYPsa2dw07",
          "checksum": "1b42720db75ac7c897b503c13f5d3dcb"
        },
        {
          "type": "image",
          "assetId": "0VmMSIuwUHWy",
          "checksum": "7e31b3fc82796ab78a1a6c29efdd63bd"
        },
        {
          "type": "image",
          "assetId": "8G_VeF_1W8Yo",
          "checksum": "525abd8c13eb770ad2338880b34fa50f"
        },
        {
          "type": "image",
          "assetId": "VY3sPc4VArDl",
          "checksum": "d2f410de6a57a1b642ec37cc1c1c1772"
        },
        {
          "type": "image",
          "assetId": "hAwje22-9-PK",
          "checksum": "0ee8cd8dae7862f56536c48de4659fd6"
        },
        {
          "type": "image",
          "assetId": "HY5S6zZObrrT",
          "checksum": "ab50d1b0ea2edbdb5ff847de1f3f6c05"
        },
        {
          "type": "image",
          "assetId": "RbQmh1kp52sk",
          "checksum": "a1ae2ad1be2fecd07d8f17e017bd70e0"
        },
        {
          "type": "image",
          "assetId": "3LyNQjbmG_yS",
          "checksum": "27e40eb3fce940fe85d3b09c9619e1a8"
        },
        {
          "type": "image",
          "assetId": "co97tn7xp4sc",
          "checksum": "796848186e9f98f785c9669d623b1448"
        },
        {
          "type": "image",
          "assetId": "mlvWnzLHJLPL",
          "checksum": "4aaf0e8d7672c2943d886e5f8b58e5a2"
        },
        {
          "type": "image",
          "assetId": "UU93UoH-GNUC",
          "checksum": "e7457fc20d308d6900bb4aa23a84ca32"
        },
        {
          "type": "image",
          "assetId": "XVqzOp3QjICy",
          "checksum": "5eadc4d797be0ad3bb4cdf8dfcfb78b1"
        },
        {
          "type": "image",
          "assetId": "4V4R_KozS8-K",
          "checksum": "8e73f9f30191829fcaccdf81533dd964"
        }
      ],
      "codegenVersion": "0.0.1"
    }
  ],
  "cliVersion": "0.1.334"
}
